
Microsoft Visual Studio Solution File, Format Version 12.00
# Visual Studio Version 17
VisualStudioVersion = 17.3.32825.248
MinimumVisualStudioVersion = 10.0.40219.1
Project("{FAE04EC0-301F-11D3-BF4B-00C04F79EFBC}") = "AssetTracking", "AssetTracking\AssetTracking.csproj", "{E86DE18D-0446-4E7D-8491-5606B51E2A1C}"
EndProject
Global
	GlobalSection(SolutionConfigurationPlatforms) = preSolution
		Debug|Any CPU = Debug|Any CPU
		Release|Any CPU = Release|Any CPU
	EndGlobalSection
	GlobalSection(ProjectConfigurationPlatforms) = postSolution
		{E86DE18D-0446-4E7D-8491-5606B51E2A1C}.Debug|Any CPU.ActiveCfg = Debug|Any CPU
		{E86DE18D-0446-4E7D-8491-5606B51E2A1C}.Debug|Any CPU.Build.0 = Debug|Any CPU
		{E86DE18D-0446-4E7D-8491-5606B51E2A1C}.Release|Any CPU.ActiveCfg = Release|Any CPU
		{E86DE18D-0446-4E7D-8491-5606B51E2A1C}.Release|Any CPU.Build.0 = Release|Any CPU
	EndGlobalSection
	GlobalSection(SolutionProperties) = preSolution
		HideSolutionNode = FALSE
	EndGlobalSection
	GlobalSection(ExtensibilityGlobals) = postSolution
		SolutionGuid = {CC80537B-492F-4F4D-9129-2C99C397F254}
	EndGlobalSection
EndGlobal
